// !$*UTF8*$!
{
	archiveVersion = 1;
	classes = {
	};
	objectVersion = 77;
	objects = {

/* Begin PBXContainerItemProxy section */
		D19CABE42D54598800B58266 /* PBXContainerItemProxy */ = {
			isa = PBXContainerItemProxy;
			containerPortal = D19CABC92D54598800B58266 /* Project object */;
			proxyType = 1;
			remoteGlobalIDString = D19CABD02D54598800B58266;
			remoteInfo = EchoBooks3;
		};
		D19CABEE2D54598800B58266 /* PBXContainerItemProxy */ = {
			isa = PBXContainerItemProxy;
			containerPortal = D19CABC92D54598800B58266 /* Project object */;
			proxyType = 1;
			remoteGlobalIDString = D19CABD02D54598800B58266;
			remoteInfo = EchoBooks3;
		};
/* End PBXContainerItemProxy section */

/* Begin PBXFileReference section */
		D19CABD12D54598800B58266 /* EchoBooks3.app */ = {isa = PBXFileReference; explicitFileType = wrapper.application; includeInIndex = 0; path = EchoBooks3.app; sourceTree = BUILT_PRODUCTS_DIR; };
		D19CABE32D54598800B58266 /* EchoBooks3Tests.xctest */ = {isa = PBXFileReference; explicitFileType = wrapper.cfbundle; includeInIndex = 0; path = EchoBooks3Tests.xctest; sourceTree = BUILT_PRODUCTS_DIR; };
		D19CABED2D54598800B58266 /* EchoBooks3UITests.xctest */ = {isa = PBXFileReference; explicitFileType = wrapper.cfbundle; includeInIndex = 0; path = EchoBooks3UITests.xctest; sourceTree = BUILT_PRODUCTS_DIR; };
/* End PBXFileReference section */

/* Begin PBXFileSystemSynchronizedRootGroup section */
		D19CABD32D54598800B58266 /* EchoBooks3 */ = {
			isa = PBXFileSystemSynchronizedRootGroup;
			path = EchoBooks3;
			sourceTree = "<group>";
		};
		D19CABE62D54598800B58266 /* EchoBooks3Tests */ = {
			isa = PBXFileSystemSynchronizedRootGroup;
			path = EchoBooks3Tests;
			sourceTree = "<group>";
		};
		D19CABF02D54598800B58266 /* EchoBooks3UITests */ = {
			isa = PBXFileSystemSynchronizedRootGroup;
			path = EchoBooks3UITests;
			sourceTree = "<group>";
		};
/* End PBXFileSystemSynchronizedRootGroup section */

/* Begin PBXFrameworksBuildPhase section */
		D19CABCE2D54598800B58266 /* Frameworks */ = {
			isa = PBXFrameworksBuildPhase;
			buildActionMask = 2147483647;
			files = (
			);
			runOnlyForDeploymentPostprocessing = 0;
		};
		D19CABE02D54598800B58266 /* Frameworks */ = {
			isa = PBXFrameworksBuildPhase;
			buildActionMask = 2147483647;
			files = (
			);
			runOnlyForDeploymentPostprocessing = 0;
		};
		D19CABEA2D54598800B58266 /* Frameworks */ = {
			isa = PBXFrameworksBuildPhase;
			buildActionMask = 2147483647;
			files = (
			);
			runOnlyForDeploymentPostprocessing = 0;
		};
/* End PBXFrameworksBuildPhase section */

/* Begin PBXGroup section */
		D19CABC82D54598800B58266 = {
			isa = PBXGroup;
			children = (
				D19CABD32D54598800B58266 /* EchoBooks3 */,
				D19CABE62D54598800B58266 /* EchoBooks3Tests */,
				D19CABF02D54598800B58266 /* EchoBooks3UITests */,
				D19CABD22D54598800B58266 /* Products */,
			);
			sourceTree = "<group>";
		};
		D19CABD22D54598800B58266 /* Products */ = {
			isa = PBXGroup;
			children = (
				D19CABD12D54598800B58266 /* EchoBooks3.app */,
				D19CABE32D54598800B58266 /* EchoBooks3Tests.xctest */,
				D19CABED2D54598800B58266 /* EchoBooks3UITests.xctest */,
			);
			name = Products;
			sourceTree = "<group>";
		};
/* End PBXGroup section */

/* Begin PBXNativeTarget section */
		D19CABD02D54598800B58266 /* EchoBooks3 */ = {
			isa = PBXNativeTarget;
			buildConfigurationList = D19CABF72D54598800B58266 /* Build configuration list for PBXNativeTarget "EchoBooks3" */;
			buildPhases = (
				D19CABCD2D54598800B58266 /* Sources */,
				D19CABCE2D54598800B58266 /* Frameworks */,
				D19CABCF2D54598800B58266 /* Resources */,
			);
			buildRules = (
			);
			dependencies = (
			);
			fileSystemSynchronizedGroups = (
				D19CABD32D54598800B58266 /* EchoBooks3 */,
			);
			name = EchoBooks3;
			packageProductDependencies = (
			);
			productName = EchoBooks3;
			productReference = D19CABD12D54598800B58266 /* EchoBooks3.app */;
			productType = "com.apple.product-type.application";
		};
		D19CABE22D54598800B58266 /* EchoBooks3Tests */ = {
			isa = PBXNativeTarget;
			buildConfigurationList = D19CABFA2D54598800B58266 /* Build configuration list for PBXNativeTarget "EchoBooks3Tests" */;
			buildPhases = (
				D19CABDF2D54598800B58266 /* Sources */,
				D19CABE02D54598800B58266 /* Frameworks */,
				D19CABE12D54598800B58266 /* Resources */,
			);
			buildRules = (
			);
			dependencies = (
				D19CABE52D54598800B58266 /* PBXTargetDependency */,
			);
			fileSystemSynchronizedGroups = (
				D19CABE62D54598800B58266 /* EchoBooks3Tests */,
			);
			name = EchoBooks3Tests;
			packageProductDependencies = (
			);
			productName = EchoBooks3Tests;
			productReference = D19CABE32D54598800B58266 /* EchoBooks3Tests.xctest */;
			productType = "com.apple.product-type.bundle.unit-test";
		};
		D19CABEC2D54598800B58266 /* EchoBooks3UITests */ = {
			isa = PBXNativeTarget;
			buildConfigurationList = D19CABFD2D54598800B58266 /* Build configuration list for PBXNativeTarget "EchoBooks3UITests" */;
			buildPhases = (
				D19CABE92D54598800B58266 /* Sources */,
				D19CABEA2D54598800B58266 /* Frameworks */,
				D19CABEB2D54598800B58266 /* Resources */,
			);
			buildRules = (
			);
			dependencies = (
				D19CABEF2D54598800B58266 /* PBXTargetDependency */,
			);
			fileSystemSynchronizedGroups = (
				D19CABF02D54598800B58266 /* EchoBooks3UITests */,
			);
			name = EchoBooks3UITests;
			packageProductDependencies = (
			);
			productName = EchoBooks3UITests;
			productReference = D19CABED2D54598800B58266 /* EchoBooks3UITests.xctest */;
			productType = "com.apple.product-type.bundle.ui-testing";
		};
/* End PBXNativeTarget section */

/* Begin PBXProject section */
		D19CABC92D54598800B58266 /* Project object */ = {
			isa = PBXProject;
			attributes = {
				BuildIndependentTargetsInParallel = 1;
				LastSwiftUpdateCheck = 1620;
				LastUpgradeCheck = 1620;
				TargetAttributes = {
					D19CABD02D54598800B58266 = {
						CreatedOnToolsVersion = 16.2;
					};
					D19CABE22D54598800B58266 = {
						CreatedOnToolsVersion = 16.2;
						TestTargetID = D19CABD02D54598800B58266;
					};
					D19CABEC2D54598800B58266 = {
						CreatedOnToolsVersion = 16.2;
						TestTargetID = D19CABD02D54598800B58266;
					};
				};
			};
			buildConfigurationList = D19CABCC2D54598800B58266 /* Build configuration list for PBXProject "EchoBooks3" */;
			developmentRegion = en;
			hasScannedForEncodings = 0;
			knownRegions = (
				en,
				Base,
			);
			mainGroup = D19CABC82D54598800B58266;
			minimizedProjectReferenceProxies = 1;
			preferredProjectObjectVersion = 77;
			productRefGroup = D19CABD22D54598800B58266 /* Products */;
			projectDirPath = "";
			projectRoot = "";
			targets = (
				D19CABD02D54598800B58266 /* EchoBooks3 */,
				D19CABE22D54598800B58266 /* EchoBooks3Tests */,
				D19CABEC2D54598800B58266 /* EchoBooks3UITests */,
			);
		};
/* End PBXProject section */

/* Begin PBXResourcesBuildPhase section */
		D19CABCF2D54598800B58266 /* Resources */ = {
			isa = PBXResourcesBuildPhase;
			buildActionMask = 2147483647;
			files = (
			);
			runOnlyForDeploymentPostprocessing = 0;
		};
		D19CABE12D54598800B58266 /* Resources */ = {
			isa = PBXResourcesBuildPhase;
			buildActionMask = 2147483647;
			files = (
			);
			runOnlyForDeploymentPostprocessing = 0;
		};
		D19CABEB2D54598800B58266 /* Resources */ = {
			isa = PBXResourcesBuildPhase;
			buildActionMask = 2147483647;
			files = (
			);
			runOnlyForDeploymentPostprocessing = 0;
		};
/* End PBXResourcesBuildPhase section */

/* Begin PBXSourcesBuildPhase section */
		D19CABCD2D54598800B58266 /* Sources */ = {
			isa = PBXSourcesBuildPhase;
			buildActionMask = 2147483647;
			files = (
			);
			runOnlyForDeploymentPostprocessing = 0;
		};
		D19CABDF2D54598800B58266 /* Sources */ = {
			isa = PBXSourcesBuildPhase;
			buildActionMask = 2147483647;
			files = (
			);
			runOnlyForDeploymentPostprocessing = 0;
		};
		D19CABE92D54598800B58266 /* Sources */ = {
			isa = PBXSourcesBuildPhase;
			buildActionMask = 2147483647;
			files = (
			);
			runOnlyForDeploymentPostprocessing = 0;
		};
/* End PBXSourcesBuildPhase section */

/* Begin PBXTargetDependency section */
		D19CABE52D54598800B58266 /* PBXTargetDependency */ = {
			isa = PBXTargetDependency;
			target = D19CABD02D54598800B58266 /* EchoBooks3 */;
			targetProxy = D19CABE42D54598800B58266 /* PBXContainerItemProxy */;
		};
		D19CABEF2D54598800B58266 /* PBXTargetDependency */ = {
			isa = PBXTargetDependency;
			target = D19CABD02D54598800B58266 /* EchoBooks3 */;
			targetProxy = D19CABEE2D54598800B58266 /* PBXContainerItemProxy */;
		};
/* End PBXTargetDependency section */

/* Begin XCBuildConfiguration section */
		D19CABF52D54598800B58266 /* Debug */ = {
			isa = XCBuildConfiguration;
			buildSettings = {
				ALWAYS_SEARCH_USER_PATHS = NO;
				ASSETCATALOG_COMPILER_GENERATE_SWIFT_ASSET_SYMBOL_EXTENSIONS = YES;
				CLANG_ANALYZER_NONNULL = YES;
				CLANG_ANALYZER_NUMBER_OBJECT_CONVERSION = YES_AGGRESSIVE;
				CLANG_CXX_LANGUAGE_STANDARD = "gnu++20";
				CLANG_ENABLE_MODULES = YES;
				CLANG_ENABLE_OBJC_ARC = YES;
				CLANG_ENABLE_OBJC_WEAK = YES;
				CLANG_WARN_BLOCK_CAPTURE_AUTORELEASING = YES;
				CLANG_WARN_BOOL_CONVERSION = YES;
				CLANG_WARN_COMMA = YES;
				CLANG_WARN_CONSTANT_CONVERSION = YES;
				CLANG_WARN_DEPRECATED_OBJC_IMPLEMENTATIONS = YES;
				CLANG_WARN_DIRECT_OBJC_ISA_USAGE = YES_ERROR;
				CLANG_WARN_DOCUMENTATION_COMMENTS = YES;
				CLANG_WARN_EMPTY_BODY = YES;
				CLANG_WARN_ENUM_CONVERSION = YES;
				CLANG_WARN_INFINITE_RECURSION = YES;
				CLANG_WARN_INT_CONVERSION = YES;
				CLANG_WARN_NON_LITERAL_NULL_CONVERSION = YES;
				CLANG_WARN_OBJC_IMPLICIT_RETAIN_SELF = YES;
				CLANG_WARN_OBJC_LITERAL_CONVERSION = YES;
				CLANG_WARN_OBJC_ROOT_CLASS = YES_ERROR;
				CLANG_WARN_QUOTED_INCLUDE_IN_FRAMEWORK_HEADER = YES;
				CLANG_WARN_RANGE_LOOP_ANALYSIS = YES;
				CLANG_WARN_STRICT_PROTOTYPES = YES;
				CLANG_WARN_SUSPICIOUS_MOVE = YES;
				CLANG_WARN_UNGUARDED_AVAILABILITY = YES_AGGRESSIVE;
				CLANG_WARN_UNREACHABLE_CODE = YES;
				CLANG_WARN__DUPLICATE_METHOD_MATCH = YES;
				COPY_PHASE_STRIP = NO;
				DEBUG_INFORMATION_FORMAT = dwarf;
				ENABLE_STRICT_OBJC_MSGSEND = YES;
				ENABLE_TESTABILITY = YES;
				ENABLE_USER_SCRIPT_SANDBOXING = YES;
				GCC_C_LANGUAGE_STANDARD = gnu17;
				GCC_DYNAMIC_NO_PIC = NO;
				GCC_NO_COMMON_BLOCKS = YES;
				GCC_OPTIMIZATION_LEVEL = 0;
				GCC_PREPROCESSOR_DEFINITIONS = (
					"DEBUG=1",
					"$(inherited)",
				);
				GCC_WARN_64_TO_32_BIT_CONVERSION = YES;
				GCC_WARN_ABOUT_RETURN_TYPE = YES_ERROR;
				GCC_WARN_UNDECLARED_SELECTOR = YES;
				GCC_WARN_UNINITIALIZED_AUTOS = YES_AGGRESSIVE;
				GCC_WARN_UNUSED_FUNCTION = YES;
				GCC_WARN_UNUSED_VARIABLE = YES;
				IPHONEOS_DEPLOYMENT_TARGET = 18.2;
				LOCALIZATION_PREFERS_STRING_CATALOGS = YES;
				MTL_ENABLE_DEBUG_INFO = INCLUDE_SOURCE;
				MTL_FAST_MATH = YES;
				ONLY_ACTIVE_ARCH = YES;
				SDKROOT = iphoneos;
				SWIFT_ACTIVE_COMPILATION_CONDITIONS = "DEBUG $(inherited)";
				SWIFT_OPTIMIZATION_LEVEL = "-Onone";
			};
			name = Debug;
		};
		D19CABF62D54598800B58266 /* Release */ = {
			isa = XCBuildConfiguration;
			buildSettings = {
				ALWAYS_SEARCH_USER_PATHS = NO;
				ASSETCATALOG_COMPILER_GENERATE_SWIFT_ASSET_SYMBOL_EXTENSIONS = YES;
				CLANG_ANALYZER_NONNULL = YES;
				CLANG_ANALYZER_NUMBER_OBJECT_CONVERSION = YES_AGGRESSIVE;
				CLANG_CXX_LANGUAGE_STANDARD = "gnu++20";
				CLANG_ENABLE_MODULES = YES;
				CLANG_ENABLE_OBJC_ARC = YES;
				CLANG_ENABLE_OBJC_WEAK = YES;
				CLANG_WARN_BLOCK_CAPTURE_AUTORELEASING = YES;
				CLANG_WARN_BOOL_CONVERSION = YES;
				CLANG_WARN_COMMA = YES;
				CLANG_WARN_CONSTANT_CONVERSION = YES;
				CLANG_WARN_DEPRECATED_OBJC_IMPLEMENTATIONS = YES;
				CLANG_WARN_DIRECT_OBJC_ISA_USAGE = YES_ERROR;
				CLANG_WARN_DOCUMENTATION_COMMENTS = YES;
				CLANG_WARN_EMPTY_BODY = YES;
				CLANG_WARN_ENUM_CONVERSION = YES;
				CLANG_WARN_INFINITE_RECURSION = YES;
				CLANG_WARN_INT_CONVERSION = YES;
				CLANG_WARN_NON_LITERAL_NULL_CONVERSION = YES;
				CLANG_WARN_OBJC_IMPLICIT_RETAIN_SELF = YES;
				CLANG_WARN_OBJC_LITERAL_CONVERSION = YES;
				CLANG_WARN_OBJC_ROOT_CLASS = YES_ERROR;
				CLANG_WARN_QUOTED_INCLUDE_IN_FRAMEWORK_HEADER = YES;
				CLANG_WARN_RANGE_LOOP_ANALYSIS = YES;
				CLANG_WARN_STRICT_PROTOTYPES = YES;
				CLANG_WARN_SUSPICIOUS_MOVE = YES;
				CLANG_WARN_UNGUARDED_AVAILABILITY = YES_AGGRESSIVE;
				CLANG_WARN_UNREACHABLE_CODE = YES;
				CLANG_WARN__DUPLICATE_METHOD_MATCH = YES;
				COPY_PHASE_STRIP = NO;
				DEBUG_INFORMATION_FORMAT = "dwarf-with-dsym";
				ENABLE_NS_ASSERTIONS = NO;
				ENABLE_STRICT_OBJC_MSGSEND = YES;
				ENABLE_USER_SCRIPT_SANDBOXING = YES;
				GCC_C_LANGUAGE_STANDARD = gnu17;
				GCC_NO_COMMON_BLOCKS = YES;
				GCC_WARN_64_TO_32_BIT_CONVERSION = YES;
				GCC_WARN_ABOUT_RETURN_TYPE = YES_ERROR;
				GCC_WARN_UNDECLARED_SELECTOR = YES;
				GCC_WARN_UNINITIALIZED_AUTOS = YES_AGGRESSIVE;
				GCC_WARN_UNUSED_FUNCTION = YES;
				GCC_WARN_UNUSED_VARIABLE = YES;
				IPHONEOS_DEPLOYMENT_TARGET = 18.2;
				LOCALIZATION_PREFERS_STRING_CATALOGS = YES;
				MTL_ENABLE_DEBUG_INFO = NO;
				MTL_FAST_MATH = YES;
				SDKROOT = iphoneos;
				SWIFT_COMPILATION_MODE = wholemodule;
				VALIDATE_PRODUCT = YES;
			};
			name = Release;
		};
		D19CABF82D54598800B58266 /* Debug */ = {
			isa = XCBuildConfiguration;
			buildSettings = {
				ASSETCATALOG_COMPILER_APPICON_NAME = AppIcon;
				ASSETCATALOG_COMPILER_GLOBAL_ACCENT_COLOR_NAME = AccentColor;
				CODE_SIGN_STYLE = Automatic;
				CURRENT_PROJECT_VERSION = 1;
				DEVELOPMENT_ASSET_PATHS = "\"EchoBooks3/Preview Content\"";
				DEVELOPMENT_TEAM = MZK5J2ARV8;
				ENABLE_PREVIEWS = YES;
				GENERATE_INFOPLIST_FILE = YES;
				INFOPLIST_KEY_UIApplicationSceneManifest_Generation = YES;
				INFOPLIST_KEY_UIApplicationSupportsIndirectInputEvents = YES;
				INFOPLIST_KEY_UILaunchScreen_Generation = YES;
				INFOPLIST_KEY_UISupportedInterfaceOrientations_iPad = "UIInterfaceOrientationPortrait UIInterfaceOrientationPortraitUpsideDown UIInterfaceOrientationLandscapeLeft UIInterfaceOrientationLandscapeRight";
				INFOPLIST_KEY_UISupportedInterfaceOrientations_iPhone = "UIInterfaceOrientationPortrait UIInterfaceOrientationLandscapeLeft UIInterfaceOrientationLandscapeRight";
				LD_RUNPATH_SEARCH_PATHS = (
					"$(inherited)",
					"@executable_path/Frameworks",
				);
				MARKETING_VERSION = 1.0;
				PRODUCT_BUNDLE_IDENTIFIER = com.klakk.EchoBooks.EchoBooks3;
				PRODUCT_NAME = "$(TARGET_NAME)";
				SWIFT_EMIT_LOC_STRINGS = YES;
				SWIFT_VERSION = 5.0;
				TARGETED_DEVICE_FAMILY = "1,2";
			};
			name = Debug;
		};
		D19CABF92D54598800B58266 /* Release */ = {
			isa = XCBuildConfiguration;
			buildSettings = {
				ASSETCATALOG_COMPILER_APPICON_NAME = AppIcon;
				ASSETCATALOG_COMPILER_GLOBAL_ACCENT_COLOR_NAME = AccentColor;
				CODE_SIGN_STYLE = Automatic;
				CURRENT_PROJECT_VERSION = 1;
				DEVELOPMENT_ASSET_PATHS = "\"EchoBooks3/Preview Content\"";
				DEVELOPMENT_TEAM = MZK5J2ARV8;
				ENABLE_PREVIEWS = YES;
				GENERATE_INFOPLIST_FILE = YES;
				INFOPLIST_KEY_UIApplicationSceneManifest_Generation = YES;
				INFOPLIST_KEY_UIApplicationSupportsIndirectInputEvents = YES;
				INFOPLIST_KEY_UILaunchScreen_Generation = YES;
				INFOPLIST_KEY_UISupportedInterfaceOrientations_iPad = "UIInterfaceOrientationPortrait UIInterfaceOrientationPortraitUpsideDown UIInterfaceOrientationLandscapeLeft UIInterfaceOrientationLandscapeRight";
				INFOPLIST_KEY_UISupportedInterfaceOrientations_iPhone = "UIInterfaceOrientationPortrait UIInterfaceOrientationLandscapeLeft UIInterfaceOrientationLandscapeRight";
				LD_RUNPATH_SEARCH_PATHS = (
					"$(inherited)",
					"@executable_path/Frameworks",
				);
				MARKETING_VERSION = 1.0;
				PRODUCT_BUNDLE_IDENTIFIER = com.klakk.EchoBooks.EchoBooks3;
				PRODUCT_NAME = "$(TARGET_NAME)";
				SWIFT_EMIT_LOC_STRINGS = YES;
				SWIFT_VERSION = 5.0;
				TARGETED_DEVICE_FAMILY = "1,2";
			};
			name = Release;
		};
		D19CABFB2D54598800B58266 /* Debug */ = {
			isa = XCBuildConfiguration;
			buildSettings = {
				BUNDLE_LOADER = "$(TEST_HOST)";
				CODE_SIGN_STYLE = Automatic;
				CURRENT_PROJECT_VERSION = 1;
				DEVELOPMENT_TEAM = MZK5J2ARV8;
				GENERATE_INFOPLIST_FILE = YES;
				IPHONEOS_DEPLOYMENT_TARGET = 18.2;
				MARKETING_VERSION = 1.0;
				PRODUCT_BUNDLE_IDENTIFIER = com.klakk.EchoBooks.EchoBooks3Tests;
				PRODUCT_NAME = "$(TARGET_NAME)";
				SWIFT_EMIT_LOC_STRINGS = NO;
				SWIFT_VERSION = 5.0;
				TARGETED_DEVICE_FAMILY = "1,2";
				TEST_HOST = "$(BUILT_PRODUCTS_DIR)/EchoBooks3.app/$(BUNDLE_EXECUTABLE_FOLDER_PATH)/EchoBooks3";
			};
			name = Debug;
		};
		D19CABFC2D54598800B58266 /* Release */ = {
			isa = XCBuildConfiguration;
			buildSettings = {
				BUNDLE_LOADER = "$(TEST_HOST)";
				CODE_SIGN_STYLE = Automatic;
				CURRENT_PROJECT_VERSION = 1;
				DEVELOPMENT_TEAM = MZK5J2ARV8;
				GENERATE_INFOPLIST_FILE = YES;
				IPHONEOS_DEPLOYMENT_TARGET = 18.2;
				MARKETING_VERSION = 1.0;
				PRODUCT_BUNDLE_IDENTIFIER = com.klakk.EchoBooks.EchoBooks3Tests;
				PRODUCT_NAME = "$(TARGET_NAME)";
				SWIFT_EMIT_LOC_STRINGS = NO;
				SWIFT_VERSION = 5.0;
				TARGETED_DEVICE_FAMILY = "1,2";
				TEST_HOST = "$(BUILT_PRODUCTS_DIR)/EchoBooks3.app/$(BUNDLE_EXECUTABLE_FOLDER_PATH)/EchoBooks3";
			};
			name = Release;
		};
		D19CABFE2D54598800B58266 /* Debug */ = {
			isa = XCBuildConfiguration;
			buildSettings = {
				CODE_SIGN_STYLE = Automatic;
				CURRENT_PROJECT_VERSION = 1;
				DEVELOPMENT_TEAM = MZK5J2ARV8;
				GENERATE_INFOPLIST_FILE = YES;
				MARKETING_VERSION = 1.0;
				PRODUCT_BUNDLE_IDENTIFIER = com.klakk.EchoBooks.EchoBooks3UITests;
				PRODUCT_NAME = "$(TARGET_NAME)";
				SWIFT_EMIT_LOC_STRINGS = NO;
				SWIFT_VERSION = 5.0;
				TARGETED_DEVICE_FAMILY = "1,2";
				TEST_TARGET_NAME = EchoBooks3;
			};
			name = Debug;
		};
		D19CABFF2D54598800B58266 /* Release */ = {
			isa = XCBuildConfiguration;
			buildSettings = {
				CODE_SIGN_STYLE = Automatic;
				CURRENT_PROJECT_VERSION = 1;
				DEVELOPMENT_TEAM = MZK5J2ARV8;
				GENERATE_INFOPLIST_FILE = YES;
				MARKETING_VERSION = 1.0;
				PRODUCT_BUNDLE_IDENTIFIER = com.klakk.EchoBooks.EchoBooks3UITests;
				PRODUCT_NAME = "$(TARGET_NAME)";
				SWIFT_EMIT_LOC_STRINGS = NO;
				SWIFT_VERSION = 5.0;
				TARGETED_DEVICE_FAMILY = "1,2";
				TEST_TARGET_NAME = EchoBooks3;
			};
			name = Release;
		};
/* End XCBuildConfiguration section */

/* Begin XCConfigurationList section */
		D19CABCC2D54598800B58266 /* Build configuration list for PBXProject "EchoBooks3" */ = {
			isa = XCConfigurationList;
			buildConfigurations = (
				D19CABF52D54598800B58266 /* Debug */,
				D19CABF62D54598800B58266 /* Release */,
			);
			defaultConfigurationIsVisible = 0;
			defaultConfigurationName = Release;
		};
		D19CABF72D54598800B58266 /* Build configuration list for PBXNativeTarget "EchoBooks3" */ = {
			isa = XCConfigurationList;
			buildConfigurations = (
				D19CABF82D54598800B58266 /* Debug */,
				D19CABF92D54598800B58266 /* Release */,
			);
			defaultConfigurationIsVisible = 0;
			defaultConfigurationName = Release;
		};
		D19CABFA2D54598800B58266 /* Build configuration list for PBXNativeTarget "EchoBooks3Tests" */ = {
			isa = XCConfigurationList;
			buildConfigurations = (
				D19CABFB2D54598800B58266 /* Debug */,
				D19CABFC2D54598800B58266 /* Release */,
			);
			defaultConfigurationIsVisible = 0;
			defaultConfigurationName = Release;
		};
		D19CABFD2D54598800B58266 /* Build configuration list for PBXNativeTarget "EchoBooks3UITests" */ = {
			isa = XCConfigurationList;
			buildConfigurations = (
				D19CABFE2D54598800B58266 /* Debug */,
				D19CABFF2D54598800B58266 /* Release */,
			);
			defaultConfigurationIsVisible = 0;
			defaultConfigurationName = Release;
		};
/* End XCConfigurationList section */
	};
	rootObject = D19CABC92D54598800B58266 /* Project object */;
}
